// !$*UTF8*$!
{
	archiveVersion = 1;
	classes = {
	};
	objectVersion = 52;
	objects = {

/* Begin PBXBuildFile section */
		C6254B94268B07BB0082C7F5 /* AppDelegate.swift in Sources */ = {isa = PBXBuildFile; fileRef = C6254B93268B07BB0082C7F5 /* AppDelegate.swift */; };
		C6254B98268B07BD0082C7F5 /* Assets.xcassets in Resources */ = {isa = PBXBuildFile; fileRef = C6254B97268B07BD0082C7F5 /* Assets.xcassets */; };
		C6254B9B268B07BD0082C7F5 /* Main.storyboard in Resources */ = {isa = PBXBuildFile; fileRef = C6254B99268B07BD0082C7F5 /* Main.storyboard */; };
		C659BE6326A4D58500786905 /* InfoViewController.swift in Sources */ = {isa = PBXBuildFile; fileRef = C659BE6226A4D58500786905 /* InfoViewController.swift */; };
		C6B2389A26A37975003AC9E2 /* SIP.swift in Sources */ = {isa = PBXBuildFile; fileRef = C6B2389926A37974003AC9E2 /* SIP.swift */; };
		C6FB65CB268B0E99007ECD56 /* TINURecovery in Frameworks */ = {isa = PBXBuildFile; productRef = C6FB65CA268B0E99007ECD56 /* TINURecovery */; };
/* End PBXBuildFile section */

/* Begin PBXFileReference section */
		C6254B90268B07BB0082C7F5 /* MenuBarSIPDetector.app */ = {isa = PBXFileReference; explicitFileType = wrapper.application; includeInIndex = 0; path = MenuBarSIPDetector.app; sourceTree = BUILT_PRODUCTS_DIR; };
		C6254B93268B07BB0082C7F5 /* AppDelegate.swift */ = {isa = PBXFileReference; lastKnownFileType = sourcecode.swift; path = AppDelegate.swift; sourceTree = "<group>"; };
		C6254B97268B07BD0082C7F5 /* Assets.xcassets */ = {isa = PBXFileReference; lastKnownFileType = folder.assetcatalog; path = Assets.xcassets; sourceTree = "<group>"; };
		C6254B9A268B07BD0082C7F5 /* Base */ = {isa = PBXFileReference; lastKnownFileType = file.storyboard; name = Base; path = Base.lproj/Main.storyboard; sourceTree = "<group>"; };
		C6254B9C268B07BD0082C7F5 /* Info.plist */ = {isa = PBXFileReference; lastKnownFileType = text.plist.xml; path = Info.plist; sourceTree = "<group>"; };
		C6254B9D268B07BD0082C7F5 /* MenuBarSIPDetector.entitlements */ = {isa = PBXFileReference; lastKnownFileType = text.plist.entitlements; path = MenuBarSIPDetector.entitlements; sourceTree = "<group>"; };
		C659BE6226A4D58500786905 /* InfoViewController.swift */ = {isa = PBXFileReference; lastKnownFileType = sourcecode.swift; path = InfoViewController.swift; sourceTree = "<group>"; };
		C6B2389926A37974003AC9E2 /* SIP.swift */ = {isa = PBXFileReference; lastKnownFileType = sourcecode.swift; path = SIP.swift; sourceTree = "<group>"; };
/* End PBXFileReference section */

/* Begin PBXFrameworksBuildPhase section */
		C6254B8D268B07BB0082C7F5 /* Frameworks */ = {
			isa = PBXFrameworksBuildPhase;
			buildActionMask = 2147483647;
			files = (
				C6FB65CB268B0E99007ECD56 /* TINURecovery in Frameworks */,
			);
			runOnlyForDeploymentPostprocessing = 0;
		};
/* End PBXFrameworksBuildPhase section */

/* Begin PBXGroup section */
		C6254B87268B07BA0082C7F5 = {
			isa = PBXGroup;
			children = (
				C6254B92268B07BB0082C7F5 /* MenuBarSIPDetector */,
				C6254B91268B07BB0082C7F5 /* Products */,
			);
			sourceTree = "<group>";
		};
		C6254B91268B07BB0082C7F5 /* Products */ = {
			isa = PBXGroup;
			children = (
				C6254B90268B07BB0082C7F5 /* MenuBarSIPDetector.app */,
			);
			name = Products;
			sourceTree = "<group>";
		};
		C6254B92268B07BB0082C7F5 /* MenuBarSIPDetector */ = {
			isa = PBXGroup;
			children = (
				C6254B93268B07BB0082C7F5 /* AppDelegate.swift */,
				C6B2389926A37974003AC9E2 /* SIP.swift */,
				C659BE6226A4D58500786905 /* InfoViewController.swift */,
				C6254B97268B07BD0082C7F5 /* Assets.xcassets */,
				C6254B99268B07BD0082C7F5 /* Main.storyboard */,
				C6254B9C268B07BD0082C7F5 /* Info.plist */,
				C6254B9D268B07BD0082C7F5 /* MenuBarSIPDetector.entitlements */,
			);
			path = MenuBarSIPDetector;
			sourceTree = "<group>";
		};
/* End PBXGroup section */

/* Begin PBXNativeTarget section */
		C6254B8F268B07BB0082C7F5 /* MenuBarSIPDetector */ = {
			isa = PBXNativeTarget;
			buildConfigurationList = C6254BA0268B07BD0082C7F5 /* Build configuration list for PBXNativeTarget "MenuBarSIPDetector" */;
			buildPhases = (
				C6254B8C268B07BB0082C7F5 /* Sources */,
				C6254B8D268B07BB0082C7F5 /* Frameworks */,
				C6254B8E268B07BB0082C7F5 /* Resources */,
			);
			buildRules = (
			);
			dependencies = (
			);
			name = MenuBarSIPDetector;
			packageProductDependencies = (
				C6FB65CA268B0E99007ECD56 /* TINURecovery */,
			);
			productName = MenuBarSIPDetector;
			productReference = C6254B90268B07BB0082C7F5 /* MenuBarSIPDetector.app */;
			productType = "com.apple.product-type.application";
		};
/* End PBXNativeTarget section */

/* Begin PBXProject section */
		C6254B88268B07BA0082C7F5 /* Project object */ = {
			isa = PBXProject;
			attributes = {
				LastSwiftUpdateCheck = 1250;
				LastUpgradeCheck = 1250;
				TargetAttributes = {
					C6254B8F268B07BB0082C7F5 = {
						CreatedOnToolsVersion = 12.5.1;
					};
				};
			};
			buildConfigurationList = C6254B8B268B07BA0082C7F5 /* Build configuration list for PBXProject "MenuBarSIPDetector" */;
			compatibilityVersion = "Xcode 9.3";
			developmentRegion = en;
			hasScannedForEncodings = 0;
			knownRegions = (
				en,
				Base,
			);
			mainGroup = C6254B87268B07BA0082C7F5;
			packageReferences = (
				C6FB65C9268B0E99007ECD56 /* XCRemoteSwiftPackageReference "TINURecovery" */,
			);
			productRefGroup = C6254B91268B07BB0082C7F5 /* Products */;
			projectDirPath = "";
			projectRoot = "";
			targets = (
				C6254B8F268B07BB0082C7F5 /* MenuBarSIPDetector */,
			);
		};
/* End PBXProject section */

/* Begin PBXResourcesBuildPhase section */
		C6254B8E268B07BB0082C7F5 /* Resources */ = {
			isa = PBXResourcesBuildPhase;
			buildActionMask = 2147483647;
			files = (
				C6254B98268B07BD0082C7F5 /* Assets.xcassets in Resources */,
				C6254B9B268B07BD0082C7F5 /* Main.storyboard in Resources */,
			);
			runOnlyForDeploymentPostprocessing = 0;
		};
/* End PBXResourcesBuildPhase section */

/* Begin PBXSourcesBuildPhase section */
		C6254B8C268B07BB0082C7F5 /* Sources */ = {
			isa = PBXSourcesBuildPhase;
			buildActionMask = 2147483647;
			files = (
				C6B2389A26A37975003AC9E2 /* SIP.swift in Sources */,
				C659BE6326A4D58500786905 /* InfoViewController.swift in Sources */,
				C6254B94268B07BB0082C7F5 /* AppDelegate.swift in Sources */,
			);
			runOnlyForDeploymentPostprocessing = 0;
		};
/* End PBXSourcesBuildPhase section */

/* Begin PBXVariantGroup section */
		C6254B99268B07BD0082C7F5 /* Main.storyboard */ = {
			isa = PBXVariantGroup;
			children = (
				C6254B9A268B07BD0082C7F5 /* Base */,
			);
			name = Main.storyboard;
			sourceTree = "<group>";
		};
/* End PBXVariantGroup section */

/* Begin XCBuildConfiguration section */
		C6254B9E268B07BD0082C7F5 /* Debug */ = {
			isa = XCBuildConfiguration;
			buildSettings = {
				ALWAYS_SEARCH_USER_PATHS = NO;
				CLANG_ANALYZER_NONNULL = YES;
				CLANG_ANALYZER_NUMBER_OBJECT_CONVERSION = YES_AGGRESSIVE;
				CLANG_CXX_LANGUAGE_STANDARD = "gnu++14";
				CLANG_CXX_LIBRARY = "libc++";
				CLANG_ENABLE_MODULES = YES;
				CLANG_ENABLE_OBJC_ARC = YES;
				CLANG_ENABLE_OBJC_WEAK = YES;
				CLANG_WARN_BLOCK_CAPTURE_AUTORELEASING = YES;
				CLANG_WARN_BOOL_CONVERSION = YES;
				CLANG_WARN_COMMA = YES;
				CLANG_WARN_CONSTANT_CONVERSION = YES;
				CLANG_WARN_DEPRECATED_OBJC_IMPLEMENTATIONS = YES;
				CLANG_WARN_DIRECT_OBJC_ISA_USAGE = YES_ERROR;
				CLANG_WARN_DOCUMENTATION_COMMENTS = YES;
				CLANG_WARN_EMPTY_BODY = YES;
				CLANG_WARN_ENUM_CONVERSION = YES;
				CLANG_WARN_INFINITE_RECURSION = YES;
				CLANG_WARN_INT_CONVERSION = YES;
				CLANG_WARN_NON_LITERAL_NULL_CONVERSION = YES;
				CLANG_WARN_OBJC_IMPLICIT_RETAIN_SELF = YES;
				CLANG_WARN_OBJC_LITERAL_CONVERSION = YES;
				CLANG_WARN_OBJC_ROOT_CLASS = YES_ERROR;
				CLANG_WARN_QUOTED_INCLUDE_IN_FRAMEWORK_HEADER = YES;
				CLANG_WARN_RANGE_LOOP_ANALYSIS = YES;
				CLANG_WARN_STRICT_PROTOTYPES = YES;
				CLANG_WARN_SUSPICIOUS_MOVE = YES;
				CLANG_WARN_UNGUARDED_AVAILABILITY = YES_AGGRESSIVE;
				CLANG_WARN_UNREACHABLE_CODE = YES;
				CLANG_WARN__DUPLICATE_METHOD_MATCH = YES;
				COPY_PHASE_STRIP = NO;
				DEBUG_INFORMATION_FORMAT = dwarf;
				ENABLE_STRICT_OBJC_MSGSEND = YES;
				ENABLE_TESTABILITY = YES;
				GCC_C_LANGUAGE_STANDARD = gnu11;
				GCC_DYNAMIC_NO_PIC = NO;
				GCC_NO_COMMON_BLOCKS = YES;
				GCC_OPTIMIZATION_LEVEL = 0;
				GCC_PREPROCESSOR_DEFINITIONS = (
					"DEBUG=1",
					"$(inherited)",
				);
				GCC_WARN_64_TO_32_BIT_CONVERSION = YES;
				GCC_WARN_ABOUT_RETURN_TYPE = YES_ERROR;
				GCC_WARN_UNDECLARED_SELECTOR = YES;
				GCC_WARN_UNINITIALIZED_AUTOS = YES_AGGRESSIVE;
				GCC_WARN_UNUSED_FUNCTION = YES;
				GCC_WARN_UNUSED_VARIABLE = YES;
				MACOSX_DEPLOYMENT_TARGET = 11.3;
				MTL_ENABLE_DEBUG_INFO = INCLUDE_SOURCE;
				MTL_FAST_MATH = YES;
				ONLY_ACTIVE_ARCH = YES;
				SDKROOT = macosx;
				SWIFT_ACTIVE_COMPILATION_CONDITIONS = DEBUG;
				SWIFT_OPTIMIZATION_LEVEL = "-Onone";
			};
			name = Debug;
		};
		C6254B9F268B07BD0082C7F5 /* Release */ = {
			isa = XCBuildConfiguration;
			buildSettings = {
				ALWAYS_SEARCH_USER_PATHS = NO;
				CLANG_ANALYZER_NONNULL = YES;
				CLANG_ANALYZER_NUMBER_OBJECT_CONVERSION = YES_AGGRESSIVE;
				CLANG_CXX_LANGUAGE_STANDARD = "gnu++14";
				CLANG_CXX_LIBRARY = "libc++";
				CLANG_ENABLE_MODULES = YES;
				CLANG_ENABLE_OBJC_ARC = YES;
				CLANG_ENABLE_OBJC_WEAK = YES;
				CLANG_WARN_BLOCK_CAPTURE_AUTORELEASING = YES;
				CLANG_WARN_BOOL_CONVERSION = YES;
				CLANG_WARN_COMMA = YES;
				CLANG_WARN_CONSTANT_CONVERSION = YES;
				CLANG_WARN_DEPRECATED_OBJC_IMPLEMENTATIONS = YES;
				CLANG_WARN_DIRECT_OBJC_ISA_USAGE = YES_ERROR;
				CLANG_WARN_DOCUMENTATION_COMMENTS = YES;
				CLANG_WARN_EMPTY_BODY = YES;
				CLANG_WARN_ENUM_CONVERSION = YES;
				CLANG_WARN_INFINITE_RECURSION = YES;
				CLANG_WARN_INT_CONVERSION = YES;
				CLANG_WARN_NON_LITERAL_NULL_CONVERSION = YES;
				CLANG_WARN_OBJC_IMPLICIT_RETAIN_SELF = YES;
				CLANG_WARN_OBJC_LITERAL_CONVERSION = YES;
				CLANG_WARN_OBJC_ROOT_CLASS = YES_ERROR;
				CLANG_WARN_QUOTED_INCLUDE_IN_FRAMEWORK_HEADER = YES;
				CLANG_WARN_RANGE_LOOP_ANALYSIS = YES;
				CLANG_WARN_STRICT_PROTOTYPES = YES;
				CLANG_WARN_SUSPICIOUS_MOVE = YES;
				CLANG_WARN_UNGUARDED_AVAILABILITY = YES_AGGRESSIVE;
				CLANG_WARN_UNREACHABLE_CODE = YES;
				CLANG_WARN__DUPLICATE_METHOD_MATCH = YES;
				COPY_PHASE_STRIP = NO;
				DEBUG_INFORMATION_FORMAT = "dwarf-with-dsym";
				ENABLE_NS_ASSERTIONS = NO;
				ENABLE_STRICT_OBJC_MSGSEND = YES;
				GCC_C_LANGUAGE_STANDARD = gnu11;
				GCC_NO_COMMON_BLOCKS = YES;
				GCC_WARN_64_TO_32_BIT_CONVERSION = YES;
				GCC_WARN_ABOUT_RETURN_TYPE = YES_ERROR;
				GCC_WARN_UNDECLARED_SELECTOR = YES;
				GCC_WARN_UNINITIALIZED_AUTOS = YES_AGGRESSIVE;
				GCC_WARN_UNUSED_FUNCTION = YES;
				GCC_WARN_UNUSED_VARIABLE = YES;
				MACOSX_DEPLOYMENT_TARGET = 11.3;
				MTL_ENABLE_DEBUG_INFO = NO;
				MTL_FAST_MATH = YES;
				SDKROOT = macosx;
				SWIFT_COMPILATION_MODE = wholemodule;
				SWIFT_OPTIMIZATION_LEVEL = "-O";
			};
			name = Release;
		};
		C6254BA1268B07BD0082C7F5 /* Debug */ = {
			isa = XCBuildConfiguration;
			buildSettings = {
				ASSETCATALOG_COMPILER_APPICON_NAME = AppIcon;
				ASSETCATALOG_COMPILER_GLOBAL_ACCENT_COLOR_NAME = AccentColor;
				CODE_SIGN_ENTITLEMENTS = MenuBarSIPDetector/MenuBarSIPDetector.entitlements;
				CODE_SIGN_IDENTITY = "-";
				CODE_SIGN_STYLE = Manual;
				COMBINE_HIDPI_IMAGES = YES;
				CURRENT_PROJECT_VERSION = 4;
				DEVELOPMENT_TEAM = "";
				ENABLE_HARDENED_RUNTIME = YES;
				INFOPLIST_FILE = MenuBarSIPDetector/Info.plist;
				LD_RUNPATH_SEARCH_PATHS = (
					"$(inherited)",
					"@executable_path/../Frameworks",
				);
				MACOSX_DEPLOYMENT_TARGET = 10.10;
				MARKETING_VERSION = 3.0.1;
				PRODUCT_BUNDLE_IDENTIFIER = org.pietrocaruso.MenuBarSIPDetector;
				PRODUCT_NAME = "$(TARGET_NAME)";
				PROVISIONING_PROFILE_SPECIFIER = "";
				SWIFT_VERSION = 5.0;
			};
			name = Debug;
		};
		C6254BA2268B07BD0082C7F5 /* Release */ = {
			isa = XCBuildConfiguration;
			buildSettings = {
				ASSETCATALOG_COMPILER_APPICON_NAME = AppIcon;
				ASSETCATALOG_COMPILER_GLOBAL_ACCENT_COLOR_NAME = AccentColor;
				CODE_SIGN_ENTITLEMENTS = MenuBarSIPDetector/MenuBarSIPDetector.entitlements;
				CODE_SIGN_IDENTITY = "-";
				CODE_SIGN_STYLE = Manual;
				COMBINE_HIDPI_IMAGES = YES;
				CURRENT_PROJECT_VERSION = 4;
				DEVELOPMENT_TEAM = "";
				ENABLE_HARDENED_RUNTIME = YES;
				INFOPLIST_FILE = MenuBarSIPDetector/Info.plist;
				LD_RUNPATH_SEARCH_PATHS = (
					"$(inherited)",
					"@executable_path/../Frameworks",
				);
				MACOSX_DEPLOYMENT_TARGET = 10.10;
				MARKETING_VERSION = 3.0.1;
				PRODUCT_BUNDLE_IDENTIFIER = org.pietrocaruso.MenuBarSIPDetector;
				PRODUCT_NAME = "$(TARGET_NAME)";
				PROVISIONING_PROFILE_SPECIFIER = "";
				SWIFT_VERSION = 5.0;
			};
			name = Release;
		};
/* End XCBuildConfiguration section */

/* Begin XCConfigurationList section */
		C6254B8B268B07BA0082C7F5 /* Build configuration list for PBXProject "MenuBarSIPDetector" */ = {
			isa = XCConfigurationList;
			buildConfigurations = (
				C6254B9E268B07BD0082C7F5 /* Debug */,
				C6254B9F268B07BD0082C7F5 /* Release */,
			);
			defaultConfigurationIsVisible = 0;
			defaultConfigurationName = Release;
		};
		C6254BA0268B07BD0082C7F5 /* Build configuration list for PBXNativeTarget "MenuBarSIPDetector" */ = {
			isa = XCConfigurationList;
			buildConfigurations = (
				C6254BA1268B07BD0082C7F5 /* Debug */,
				C6254BA2268B07BD0082C7F5 /* Release */,
			);
			defaultConfigurationIsVisible = 0;
			defaultConfigurationName = Release;
		};
/* End XCConfigurationList section */

/* Begin XCRemoteSwiftPackageReference section */
		C6FB65C9268B0E99007ECD56 /* XCRemoteSwiftPackageReference "TINURecovery" */ = {
			isa = XCRemoteSwiftPackageReference;
			repositoryURL = "https://github.com/ITzTravelInTime/TINURecovery.git";
			requirement = {
				kind = upToNextMajorVersion;
				minimumVersion = 3.7.2;
			};
		};
/* End XCRemoteSwiftPackageReference section */

/* Begin XCSwiftPackageProductDependency section */
		C6FB65CA268B0E99007ECD56 /* TINURecovery */ = {
			isa = XCSwiftPackageProductDependency;
			package = C6FB65C9268B0E99007ECD56 /* XCRemoteSwiftPackageReference "TINURecovery" */;
			productName = TINURecovery;
		};
/* End XCSwiftPackageProductDependency section */
	};
	rootObject = C6254B88268B07BA0082C7F5 /* Project object */;
}
