{
  "object": {
    "pins": [
      {
        "package": "SwiftLoggedPrint",
        "repositoryURL": "https://github.com/ITzTravelInTime/SwiftLoggedPrint",
        "state": {
          "branch": null,
          "revision": "56f8c5195f8eaa857dc3ce372e2f443005e7e29b",
          "version": "3.0.1"
        }
      },
      {
        "package": "TINURecovery",
        "repositoryURL": "https://github.com/ITzTravelInTime/TINURecovery.git",
        "state": {
          "branch": null,
          "revision": "a2ffe3449e4bce2ef470cf45d763917d09f0ee9c",
          "version": "3.7.4"
        }
      }
    ]
  },
  "version": 1
}
