{
  "object": {
    "pins": [
      {
        "package": "SwiftLoggedPrint",
        "repositoryURL": "https://github.com/ITzTravelInTime/SwiftLoggedPrint",
        "state": {
          "branch": null,
          "revision": "99e88579542a17863435d78c71c499679a3f397e",
          "version": "3.1.2"
        }
      },
      {
        "package": "TINURecovery",
        "repositoryURL": "https://github.com/ITzTravelInTime/TINURecovery.git",
        "state": {
          "branch": null,
          "revision": "f5d4077abe3f9b5d58b7fe84f4dc31763433546b",
          "version": "4.0.0"
        }
      }
    ]
  },
  "version": 1
}
