{
  "object": {
    "pins": [
      {
        "package": "SwiftLoggedPrint",
        "repositoryURL": "https://github.com/ITzTravelInTime/SwiftLoggedPrint",
        "state": {
          "branch": null,
          "revision": "2dc90f3715e158635a9a278a46f5e2eb11ef606b",
          "version": "3.0.3"
        }
      },
      {
        "package": "TINURecovery",
        "repositoryURL": "https://github.com/ITzTravelInTime/TINURecovery.git",
        "state": {
          "branch": null,
          "revision": "9f29146e78f09a30d8efa17c0858626689a4c3f9",
          "version": "3.7.7"
        }
      }
    ]
  },
  "version": 1
}
